
Microsoft Visual Studio Solution File, Format Version 12.00
# Visual Studio Version 17
VisualStudioVersion = 17.10.34928.147
MinimumVisualStudioVersion = 10.0.40219.1
Project("{FAE04EC0-301F-11D3-BF4B-00C04F79EFBC}") = "cau2", "cau2\cau2.csproj", "{D11604DC-D3E6-4194-807A-C587FFB71CAF}"
EndProject
Project("{FAE04EC0-301F-11D3-BF4B-00C04F79EFBC}") = "Cau2_test", "Cau2_test\Cau2_test.csproj", "{2A3FCA11-411F-4E4F-AE7C-91A970B28839}"
EndProject
Global
	GlobalSection(SolutionConfigurationPlatforms) = preSolution
		Debug|Any CPU = Debug|Any CPU
		Release|Any CPU = Release|Any CPU
	EndGlobalSection
	GlobalSection(ProjectConfigurationPlatforms) = postSolution
		{D11604DC-D3E6-4194-807A-C587FFB71CAF}.Debug|Any CPU.ActiveCfg = Debug|Any CPU
		{D11604DC-D3E6-4194-807A-C587FFB71CAF}.Debug|Any CPU.Build.0 = Debug|Any CPU
		{D11604DC-D3E6-4194-807A-C587FFB71CAF}.Release|Any CPU.ActiveCfg = Release|Any CPU
		{D11604DC-D3E6-4194-807A-C587FFB71CAF}.Release|Any CPU.Build.0 = Release|Any CPU
		{2A3FCA11-411F-4E4F-AE7C-91A970B28839}.Debug|Any CPU.ActiveCfg = Debug|Any CPU
		{2A3FCA11-411F-4E4F-AE7C-91A970B28839}.Debug|Any CPU.Build.0 = Debug|Any CPU
		{2A3FCA11-411F-4E4F-AE7C-91A970B28839}.Release|Any CPU.ActiveCfg = Release|Any CPU
		{2A3FCA11-411F-4E4F-AE7C-91A970B28839}.Release|Any CPU.Build.0 = Release|Any CPU
	EndGlobalSection
	GlobalSection(SolutionProperties) = preSolution
		HideSolutionNode = FALSE
	EndGlobalSection
	GlobalSection(ExtensibilityGlobals) = postSolution
		SolutionGuid = {7CB8FF55-CB3F-4A7E-8283-4E13396CEBEA}
	EndGlobalSection
EndGlobal
